
Microsoft Visual Studio Solution File, Format Version 12.00
Project("{2150E333-8FDC-42A3-9474-1A3956D46DE8}") = "Backend", "Backend", "{7205C9CA-0B8E-4465-A712-9F906A7DC894}"
EndProject
Project("{2150E333-8FDC-42A3-9474-1A3956D46DE8}") = "Frontend", "Frontend", "{BF92E299-E372-4B90-BC6A-75557029FDF5}"
EndProject
Project("{2150E333-8FDC-42A3-9474-1A3956D46DE8}") = "Shared", "Shared", "{8A151D1C-F851-450A-BA74-C77C858E7257}"
EndProject
Project("{FAE04EC0-301F-11D3-BF4B-00C04F79EFBC}") = "DragonMaster.Contracts", "DragonMaster.Contracts\DragonMaster.Contracts.csproj", "{89CB4DAE-8A0D-472A-960F-CBF040220232}"
EndProject
Project("{FAE04EC0-301F-11D3-BF4B-00C04F79EFBC}") = "DragonMaster.Web.UI", "DragonMaster.Web.UI\DragonMaster.Web.UI.csproj", "{7B5ABEAE-3CF3-4CC5-9A17-88C7791621E4}"
EndProject
Project("{FAE04EC0-301F-11D3-BF4B-00C04F79EFBC}") = "DragonMaster.Web.Application", "DragonMaster.Web.Application\DragonMaster.Web.Application.csproj", "{8118D66D-6C83-42C7-8067-6FEC24441F10}"
EndProject
Project("{FAE04EC0-301F-11D3-BF4B-00C04F79EFBC}") = "DragonMaster.Web.Domain", "DragonMaster.Web.Domain\DragonMaster.Web.Domain.csproj", "{AF19DFAC-C9B4-443E-9205-AF29A0C894A1}"
EndProject
Project("{FAE04EC0-301F-11D3-BF4B-00C04F79EFBC}") = "DragonMaster.Web.Infrastructure", "DragonMaster.Web.Infrastructure\DragonMaster.Web.Infrastructure.csproj", "{821784FB-FC9B-43B9-B810-208B443FE469}"
EndProject
Project("{9A19103F-16F7-4668-BE54-9A1E7A4F7556}") = "DragonMaster.Build", "..\Pipelines\DragonMaster.Build.csproj", "{4C54C1E0-943C-4D41-942B-7E40403C5D6E}"
EndProject
Project("{2150E333-8FDC-42A3-9474-1A3956D46DE8}") = "Pipelines", "Pipelines", "{867359DE-D7F3-499C-8B99-5B13E0FFD18C}"
EndProject
Global
	GlobalSection(SolutionConfigurationPlatforms) = preSolution
		Debug|Any CPU = Debug|Any CPU
		Release|Any CPU = Release|Any CPU
	EndGlobalSection
	GlobalSection(NestedProjects) = preSolution
		{89CB4DAE-8A0D-472A-960F-CBF040220232} = {8A151D1C-F851-450A-BA74-C77C858E7257}
		{7B5ABEAE-3CF3-4CC5-9A17-88C7791621E4} = {BF92E299-E372-4B90-BC6A-75557029FDF5}
		{8118D66D-6C83-42C7-8067-6FEC24441F10} = {BF92E299-E372-4B90-BC6A-75557029FDF5}
		{AF19DFAC-C9B4-443E-9205-AF29A0C894A1} = {BF92E299-E372-4B90-BC6A-75557029FDF5}
		{821784FB-FC9B-43B9-B810-208B443FE469} = {BF92E299-E372-4B90-BC6A-75557029FDF5}
		{4C54C1E0-943C-4D41-942B-7E40403C5D6E} = {867359DE-D7F3-499C-8B99-5B13E0FFD18C}
	EndGlobalSection
	GlobalSection(ProjectConfigurationPlatforms) = postSolution
		{4C54C1E0-943C-4D41-942B-7E40403C5D6E}.Debug|Any CPU.ActiveCfg = Debug|Any CPU
		{4C54C1E0-943C-4D41-942B-7E40403C5D6E}.Release|Any CPU.ActiveCfg = Release|Any CPU
		{89CB4DAE-8A0D-472A-960F-CBF040220232}.Debug|Any CPU.ActiveCfg = Debug|Any CPU
		{89CB4DAE-8A0D-472A-960F-CBF040220232}.Debug|Any CPU.Build.0 = Debug|Any CPU
		{89CB4DAE-8A0D-472A-960F-CBF040220232}.Release|Any CPU.ActiveCfg = Release|Any CPU
		{89CB4DAE-8A0D-472A-960F-CBF040220232}.Release|Any CPU.Build.0 = Release|Any CPU
		{7B5ABEAE-3CF3-4CC5-9A17-88C7791621E4}.Debug|Any CPU.ActiveCfg = Debug|Any CPU
		{7B5ABEAE-3CF3-4CC5-9A17-88C7791621E4}.Debug|Any CPU.Build.0 = Debug|Any CPU
		{7B5ABEAE-3CF3-4CC5-9A17-88C7791621E4}.Release|Any CPU.ActiveCfg = Release|Any CPU
		{7B5ABEAE-3CF3-4CC5-9A17-88C7791621E4}.Release|Any CPU.Build.0 = Release|Any CPU
		{8118D66D-6C83-42C7-8067-6FEC24441F10}.Debug|Any CPU.ActiveCfg = Debug|Any CPU
		{8118D66D-6C83-42C7-8067-6FEC24441F10}.Debug|Any CPU.Build.0 = Debug|Any CPU
		{8118D66D-6C83-42C7-8067-6FEC24441F10}.Release|Any CPU.ActiveCfg = Release|Any CPU
		{8118D66D-6C83-42C7-8067-6FEC24441F10}.Release|Any CPU.Build.0 = Release|Any CPU
		{AF19DFAC-C9B4-443E-9205-AF29A0C894A1}.Debug|Any CPU.ActiveCfg = Debug|Any CPU
		{AF19DFAC-C9B4-443E-9205-AF29A0C894A1}.Debug|Any CPU.Build.0 = Debug|Any CPU
		{AF19DFAC-C9B4-443E-9205-AF29A0C894A1}.Release|Any CPU.ActiveCfg = Release|Any CPU
		{AF19DFAC-C9B4-443E-9205-AF29A0C894A1}.Release|Any CPU.Build.0 = Release|Any CPU
		{821784FB-FC9B-43B9-B810-208B443FE469}.Debug|Any CPU.ActiveCfg = Debug|Any CPU
		{821784FB-FC9B-43B9-B810-208B443FE469}.Debug|Any CPU.Build.0 = Debug|Any CPU
		{821784FB-FC9B-43B9-B810-208B443FE469}.Release|Any CPU.ActiveCfg = Release|Any CPU
		{821784FB-FC9B-43B9-B810-208B443FE469}.Release|Any CPU.Build.0 = Release|Any CPU
	EndGlobalSection
EndGlobal
