
Microsoft Visual Studio Solution File, Format Version 12.00
Project("{2150E333-8FDC-42A3-9474-1A3956D46DE8}") = "Backend", "Backend", "{7205C9CA-0B8E-4465-A712-9F906A7DC894}"
EndProject
Project("{2150E333-8FDC-42A3-9474-1A3956D46DE8}") = "Frontend", "Frontend", "{BF92E299-E372-4B90-BC6A-75557029FDF5}"
EndProject
Project("{2150E333-8FDC-42A3-9474-1A3956D46DE8}") = "Shared", "Shared", "{8A151D1C-F851-450A-BA74-C77C858E7257}"
EndProject
Project("{FAE04EC0-301F-11D3-BF4B-00C04F79EFBC}") = "DragonMaster.Contracts", "DragonMaster.Contracts\DragonMaster.Contracts.csproj", "{89CB4DAE-8A0D-472A-960F-CBF040220232}"
EndProject
Project("{FAE04EC0-301F-11D3-BF4B-00C04F79EFBC}") = "DragonMaster.Web.UI", "DragonMaster.Web.UI\DragonMaster.Web.UI.csproj", "{7B5ABEAE-3CF3-4CC5-9A17-88C7791621E4}"
EndProject
Project("{FAE04EC0-301F-11D3-BF4B-00C04F79EFBC}") = "DragonMaster.Web.Application", "DragonMaster.Web.Application\DragonMaster.Web.Application.csproj", "{8118D66D-6C83-42C7-8067-6FEC24441F10}"
EndProject
Project("{FAE04EC0-301F-11D3-BF4B-00C04F79EFBC}") = "DragonMaster.Web.Domain", "DragonMaster.Web.Domain\DragonMaster.Web.Domain.csproj", "{AF19DFAC-C9B4-443E-9205-AF29A0C894A1}"
EndProject
Project("{FAE04EC0-301F-11D3-BF4B-00C04F79EFBC}") = "DragonMaster.Web.Infrastructure", "DragonMaster.Web.Infrastructure\DragonMaster.Web.Infrastructure.csproj", "{821784FB-FC9B-43B9-B810-208B443FE469}"
EndProject
Project("{2150E333-8FDC-42A3-9474-1A3956D46DE8}") = "Pipelines", "Pipelines", "{867359DE-D7F3-499C-8B99-5B13E0FFD18C}"
EndProject
Project("{FAE04EC0-301F-11D3-BF4B-00C04F79EFBC}") = "DragonMaster.API.Anonymous", "DragonMaster.API.Anonymous\DragonMaster.API.Anonymous.csproj", "{66D98368-346C-4211-B127-34235087B0D0}"
EndProject
Project("{FAE04EC0-301F-11D3-BF4B-00C04F79EFBC}") = "DragonMaster.API.Authorized", "DragonMaster.API.Authorized\DragonMaster.API.Authorized.csproj", "{A3253285-C75D-4ADA-8BC9-0DAF168F3988}"
EndProject
Project("{FAE04EC0-301F-11D3-BF4B-00C04F79EFBC}") = "DragonMaster.API.Application", "DragonMaster.API.Application\DragonMaster.API.Application.csproj", "{46A6A861-75BB-4253-B36F-93EADD02C6F1}"
EndProject
Project("{FAE04EC0-301F-11D3-BF4B-00C04F79EFBC}") = "DragonMaster.API.Domain", "DragonMaster.API.Domain\DragonMaster.API.Domain.csproj", "{DA3F4032-EB14-4184-ABDB-A7312A02DA4A}"
EndProject
Project("{FAE04EC0-301F-11D3-BF4B-00C04F79EFBC}") = "DragonMaster.API.Infrastructure", "DragonMaster.API.Infrastructure\DragonMaster.API.Infrastructure.csproj", "{8024687E-EEAE-41AC-BB43-2107BDA207FF}"
EndProject
Project("{FAE04EC0-301F-11D3-BF4B-00C04F79EFBC}") = "DragonMaster.API.Unittests", "DragonMaster.API.Unittests\DragonMaster.API.Unittests.csproj", "{3E49901B-27FB-4DC9-9B0D-865EBD333C88}"
EndProject
Project("{FAE04EC0-301F-11D3-BF4B-00C04F79EFBC}") = "DragonMaster.Web.Unittests", "DragonMaster.Web.Unittests\DragonMaster.Web.Unittests.csproj", "{22C22FDE-15CD-4A8A-9118-FE7151409F88}"
EndProject
Project("{FAE04EC0-301F-11D3-BF4B-00C04F79EFBC}") = "DragonMaster.Build", "Pipelines\DragonMaster.Build.csproj", "{F916A880-16AF-4204-9AC8-EB8FBFA1F04B}"
EndProject
Project("{2150E333-8FDC-42A3-9474-1A3956D46DE8}") = "DragonMaster", "DragonMaster", "{2AF51D81-41CA-4487-B458-DD3D4D265E98}"
EndProject
Project("{2150E333-8FDC-42A3-9474-1A3956D46DE8}") = "MadWorld", "MadWorld", "{3CFAD9B7-85E3-4CD6-B510-E99DA4FB0226}"
EndProject
Project("{2150E333-8FDC-42A3-9474-1A3956D46DE8}") = "Frontend", "Frontend", "{38B83FBA-E81F-4C37-A5DF-7569EEF791E7}"
EndProject
Project("{FAE04EC0-301F-11D3-BF4B-00C04F79EFBC}") = "MadWorld.Web.UI", "MadWorld.Web.UI\MadWorld.Web.UI.csproj", "{82B78486-5722-4415-9B31-550FEBAD7CF7}"
EndProject
Project("{2150E333-8FDC-42A3-9474-1A3956D46DE8}") = "Backend", "Backend", "{03860FB8-758E-419F-8363-32DCDC95C613}"
EndProject
Project("{FAE04EC0-301F-11D3-BF4B-00C04F79EFBC}") = "MadWorld.Backend", "MadWorld.Backend\MadWorld.Backend.csproj", "{4C407D69-5038-456A-A05F-6EF7A3C49708}"
EndProject
Global
	GlobalSection(SolutionConfigurationPlatforms) = preSolution
		Debug|Any CPU = Debug|Any CPU
		Release|Any CPU = Release|Any CPU
	EndGlobalSection
	GlobalSection(NestedProjects) = preSolution
		{89CB4DAE-8A0D-472A-960F-CBF040220232} = {8A151D1C-F851-450A-BA74-C77C858E7257}
		{7B5ABEAE-3CF3-4CC5-9A17-88C7791621E4} = {BF92E299-E372-4B90-BC6A-75557029FDF5}
		{8118D66D-6C83-42C7-8067-6FEC24441F10} = {BF92E299-E372-4B90-BC6A-75557029FDF5}
		{AF19DFAC-C9B4-443E-9205-AF29A0C894A1} = {BF92E299-E372-4B90-BC6A-75557029FDF5}
		{821784FB-FC9B-43B9-B810-208B443FE469} = {BF92E299-E372-4B90-BC6A-75557029FDF5}
		{66D98368-346C-4211-B127-34235087B0D0} = {7205C9CA-0B8E-4465-A712-9F906A7DC894}
		{A3253285-C75D-4ADA-8BC9-0DAF168F3988} = {7205C9CA-0B8E-4465-A712-9F906A7DC894}
		{46A6A861-75BB-4253-B36F-93EADD02C6F1} = {7205C9CA-0B8E-4465-A712-9F906A7DC894}
		{DA3F4032-EB14-4184-ABDB-A7312A02DA4A} = {7205C9CA-0B8E-4465-A712-9F906A7DC894}
		{8024687E-EEAE-41AC-BB43-2107BDA207FF} = {7205C9CA-0B8E-4465-A712-9F906A7DC894}
		{3E49901B-27FB-4DC9-9B0D-865EBD333C88} = {7205C9CA-0B8E-4465-A712-9F906A7DC894}
		{22C22FDE-15CD-4A8A-9118-FE7151409F88} = {BF92E299-E372-4B90-BC6A-75557029FDF5}
		{F916A880-16AF-4204-9AC8-EB8FBFA1F04B} = {867359DE-D7F3-499C-8B99-5B13E0FFD18C}
		{7205C9CA-0B8E-4465-A712-9F906A7DC894} = {2AF51D81-41CA-4487-B458-DD3D4D265E98}
		{BF92E299-E372-4B90-BC6A-75557029FDF5} = {2AF51D81-41CA-4487-B458-DD3D4D265E98}
		{8A151D1C-F851-450A-BA74-C77C858E7257} = {2AF51D81-41CA-4487-B458-DD3D4D265E98}
		{38B83FBA-E81F-4C37-A5DF-7569EEF791E7} = {3CFAD9B7-85E3-4CD6-B510-E99DA4FB0226}
		{82B78486-5722-4415-9B31-550FEBAD7CF7} = {38B83FBA-E81F-4C37-A5DF-7569EEF791E7}
		{03860FB8-758E-419F-8363-32DCDC95C613} = {3CFAD9B7-85E3-4CD6-B510-E99DA4FB0226}
		{4C407D69-5038-456A-A05F-6EF7A3C49708} = {03860FB8-758E-419F-8363-32DCDC95C613}
	EndGlobalSection
	GlobalSection(ProjectConfigurationPlatforms) = postSolution
		{89CB4DAE-8A0D-472A-960F-CBF040220232}.Debug|Any CPU.ActiveCfg = Debug|Any CPU
		{89CB4DAE-8A0D-472A-960F-CBF040220232}.Debug|Any CPU.Build.0 = Debug|Any CPU
		{89CB4DAE-8A0D-472A-960F-CBF040220232}.Release|Any CPU.ActiveCfg = Release|Any CPU
		{89CB4DAE-8A0D-472A-960F-CBF040220232}.Release|Any CPU.Build.0 = Release|Any CPU
		{7B5ABEAE-3CF3-4CC5-9A17-88C7791621E4}.Debug|Any CPU.ActiveCfg = Debug|Any CPU
		{7B5ABEAE-3CF3-4CC5-9A17-88C7791621E4}.Debug|Any CPU.Build.0 = Debug|Any CPU
		{7B5ABEAE-3CF3-4CC5-9A17-88C7791621E4}.Release|Any CPU.ActiveCfg = Release|Any CPU
		{7B5ABEAE-3CF3-4CC5-9A17-88C7791621E4}.Release|Any CPU.Build.0 = Release|Any CPU
		{8118D66D-6C83-42C7-8067-6FEC24441F10}.Debug|Any CPU.ActiveCfg = Debug|Any CPU
		{8118D66D-6C83-42C7-8067-6FEC24441F10}.Debug|Any CPU.Build.0 = Debug|Any CPU
		{8118D66D-6C83-42C7-8067-6FEC24441F10}.Release|Any CPU.ActiveCfg = Release|Any CPU
		{8118D66D-6C83-42C7-8067-6FEC24441F10}.Release|Any CPU.Build.0 = Release|Any CPU
		{AF19DFAC-C9B4-443E-9205-AF29A0C894A1}.Debug|Any CPU.ActiveCfg = Debug|Any CPU
		{AF19DFAC-C9B4-443E-9205-AF29A0C894A1}.Debug|Any CPU.Build.0 = Debug|Any CPU
		{AF19DFAC-C9B4-443E-9205-AF29A0C894A1}.Release|Any CPU.ActiveCfg = Release|Any CPU
		{AF19DFAC-C9B4-443E-9205-AF29A0C894A1}.Release|Any CPU.Build.0 = Release|Any CPU
		{821784FB-FC9B-43B9-B810-208B443FE469}.Debug|Any CPU.ActiveCfg = Debug|Any CPU
		{821784FB-FC9B-43B9-B810-208B443FE469}.Debug|Any CPU.Build.0 = Debug|Any CPU
		{821784FB-FC9B-43B9-B810-208B443FE469}.Release|Any CPU.ActiveCfg = Release|Any CPU
		{821784FB-FC9B-43B9-B810-208B443FE469}.Release|Any CPU.Build.0 = Release|Any CPU
		{66D98368-346C-4211-B127-34235087B0D0}.Debug|Any CPU.ActiveCfg = Debug|Any CPU
		{66D98368-346C-4211-B127-34235087B0D0}.Debug|Any CPU.Build.0 = Debug|Any CPU
		{66D98368-346C-4211-B127-34235087B0D0}.Release|Any CPU.ActiveCfg = Release|Any CPU
		{66D98368-346C-4211-B127-34235087B0D0}.Release|Any CPU.Build.0 = Release|Any CPU
		{A3253285-C75D-4ADA-8BC9-0DAF168F3988}.Debug|Any CPU.ActiveCfg = Debug|Any CPU
		{A3253285-C75D-4ADA-8BC9-0DAF168F3988}.Debug|Any CPU.Build.0 = Debug|Any CPU
		{A3253285-C75D-4ADA-8BC9-0DAF168F3988}.Release|Any CPU.ActiveCfg = Release|Any CPU
		{A3253285-C75D-4ADA-8BC9-0DAF168F3988}.Release|Any CPU.Build.0 = Release|Any CPU
		{46A6A861-75BB-4253-B36F-93EADD02C6F1}.Debug|Any CPU.ActiveCfg = Debug|Any CPU
		{46A6A861-75BB-4253-B36F-93EADD02C6F1}.Debug|Any CPU.Build.0 = Debug|Any CPU
		{46A6A861-75BB-4253-B36F-93EADD02C6F1}.Release|Any CPU.ActiveCfg = Release|Any CPU
		{46A6A861-75BB-4253-B36F-93EADD02C6F1}.Release|Any CPU.Build.0 = Release|Any CPU
		{DA3F4032-EB14-4184-ABDB-A7312A02DA4A}.Debug|Any CPU.ActiveCfg = Debug|Any CPU
		{DA3F4032-EB14-4184-ABDB-A7312A02DA4A}.Debug|Any CPU.Build.0 = Debug|Any CPU
		{DA3F4032-EB14-4184-ABDB-A7312A02DA4A}.Release|Any CPU.ActiveCfg = Release|Any CPU
		{DA3F4032-EB14-4184-ABDB-A7312A02DA4A}.Release|Any CPU.Build.0 = Release|Any CPU
		{8024687E-EEAE-41AC-BB43-2107BDA207FF}.Debug|Any CPU.ActiveCfg = Debug|Any CPU
		{8024687E-EEAE-41AC-BB43-2107BDA207FF}.Debug|Any CPU.Build.0 = Debug|Any CPU
		{8024687E-EEAE-41AC-BB43-2107BDA207FF}.Release|Any CPU.ActiveCfg = Release|Any CPU
		{8024687E-EEAE-41AC-BB43-2107BDA207FF}.Release|Any CPU.Build.0 = Release|Any CPU
		{3E49901B-27FB-4DC9-9B0D-865EBD333C88}.Debug|Any CPU.ActiveCfg = Debug|Any CPU
		{3E49901B-27FB-4DC9-9B0D-865EBD333C88}.Debug|Any CPU.Build.0 = Debug|Any CPU
		{3E49901B-27FB-4DC9-9B0D-865EBD333C88}.Release|Any CPU.ActiveCfg = Release|Any CPU
		{3E49901B-27FB-4DC9-9B0D-865EBD333C88}.Release|Any CPU.Build.0 = Release|Any CPU
		{22C22FDE-15CD-4A8A-9118-FE7151409F88}.Debug|Any CPU.ActiveCfg = Debug|Any CPU
		{22C22FDE-15CD-4A8A-9118-FE7151409F88}.Debug|Any CPU.Build.0 = Debug|Any CPU
		{22C22FDE-15CD-4A8A-9118-FE7151409F88}.Release|Any CPU.ActiveCfg = Release|Any CPU
		{22C22FDE-15CD-4A8A-9118-FE7151409F88}.Release|Any CPU.Build.0 = Release|Any CPU
								{F916A880-16AF-4204-9AC8-EB8FBFA1F04B}.Debug|Any CPU.ActiveCfg = Debug|Any CPU
								{F916A880-16AF-4204-9AC8-EB8FBFA1F04B}.Release|Any CPU.ActiveCfg = Release|Any CPU
		{82B78486-5722-4415-9B31-550FEBAD7CF7}.Debug|Any CPU.ActiveCfg = Debug|Any CPU
		{82B78486-5722-4415-9B31-550FEBAD7CF7}.Debug|Any CPU.Build.0 = Debug|Any CPU
		{82B78486-5722-4415-9B31-550FEBAD7CF7}.Release|Any CPU.ActiveCfg = Release|Any CPU
		{82B78486-5722-4415-9B31-550FEBAD7CF7}.Release|Any CPU.Build.0 = Release|Any CPU
		{4C407D69-5038-456A-A05F-6EF7A3C49708}.Debug|Any CPU.ActiveCfg = Debug|Any CPU
		{4C407D69-5038-456A-A05F-6EF7A3C49708}.Debug|Any CPU.Build.0 = Debug|Any CPU
		{4C407D69-5038-456A-A05F-6EF7A3C49708}.Release|Any CPU.ActiveCfg = Release|Any CPU
		{4C407D69-5038-456A-A05F-6EF7A3C49708}.Release|Any CPU.Build.0 = Release|Any CPU
	EndGlobalSection
EndGlobal
